// !$*UTF8*$!
{
	archiveVersion = 1;
	classes = {
	};
	objectVersion = 56;
	objects = {

/* Begin PBXBuildFile section */
		671347DD2A5885B400D8B2FA /* ParentFolderModel.swift in Sources */ = {isa = PBXBuildFile; fileRef = 671347DC2A5885B400D8B2FA /* ParentFolderModel.swift */; };
		671347DF2A59691500D8B2FA /* LogoutModel.swift in Sources */ = {isa = PBXBuildFile; fileRef = 671347DE2A59691500D8B2FA /* LogoutModel.swift */; };
		671347E32A596B1300D8B2FA /* FileFolderTableViewCell.swift in Sources */ = {isa = PBXBuildFile; fileRef = 671347E12A596B1300D8B2FA /* FileFolderTableViewCell.swift */; };
		671347E42A596B1300D8B2FA /* FileFolderTableViewCell.xib in Resources */ = {isa = PBXBuildFile; fileRef = 671347E22A596B1300D8B2FA /* FileFolderTableViewCell.xib */; };
		671347E72A59B18700D8B2FA /* FirstCellTableViewCell.swift in Sources */ = {isa = PBXBuildFile; fileRef = 671347E52A59B18700D8B2FA /* FirstCellTableViewCell.swift */; };
		671347E82A59B18700D8B2FA /* FirstCellTableViewCell.xib in Resources */ = {isa = PBXBuildFile; fileRef = 671347E62A59B18700D8B2FA /* FirstCellTableViewCell.xib */; };
		671347EB2A59F9F100D8B2FA /* SIngleFileCollectionViewCell.swift in Sources */ = {isa = PBXBuildFile; fileRef = 671347E92A59F9F100D8B2FA /* SIngleFileCollectionViewCell.swift */; };
		671347EC2A59F9F100D8B2FA /* SIngleFileCollectionViewCell.xib in Resources */ = {isa = PBXBuildFile; fileRef = 671347EA2A59F9F100D8B2FA /* SIngleFileCollectionViewCell.xib */; };
		6736878C2A56FCB900D880DA /* AppDelegate.swift in Sources */ = {isa = PBXBuildFile; fileRef = 6736878B2A56FCB900D880DA /* AppDelegate.swift */; };
		6736878E2A56FCB900D880DA /* SceneDelegate.swift in Sources */ = {isa = PBXBuildFile; fileRef = 6736878D2A56FCB900D880DA /* SceneDelegate.swift */; };
		673687952A56FCBA00D880DA /* Assets.xcassets in Resources */ = {isa = PBXBuildFile; fileRef = 673687942A56FCBA00D880DA /* Assets.xcassets */; };
		673687982A56FCBA00D880DA /* LaunchScreen.storyboard in Resources */ = {isa = PBXBuildFile; fileRef = 673687962A56FCBA00D880DA /* LaunchScreen.storyboard */; };
		673687A42A56FEAF00D880DA /* NetworkService.swift in Sources */ = {isa = PBXBuildFile; fileRef = 673687A32A56FEAF00D880DA /* NetworkService.swift */; };
		673687A72A56FEED00D880DA /* APIPath.swift in Sources */ = {isa = PBXBuildFile; fileRef = 673687A62A56FEED00D880DA /* APIPath.swift */; };
		673687A92A56FEF800D880DA /* NetworkError.swift in Sources */ = {isa = PBXBuildFile; fileRef = 673687A82A56FEF800D880DA /* NetworkError.swift */; };
		673687AC2A57063400D880DA /* Dictionary.swift in Sources */ = {isa = PBXBuildFile; fileRef = 673687AB2A57063400D880DA /* Dictionary.swift */; };
		673687AE2A57074000D880DA /* UserModel.swift in Sources */ = {isa = PBXBuildFile; fileRef = 673687AD2A57074000D880DA /* UserModel.swift */; };
		673687B12A570C0100D880DA /* Constants.swift in Sources */ = {isa = PBXBuildFile; fileRef = 673687B02A570C0100D880DA /* Constants.swift */; };
		673687B42A57139A00D880DA /* UserPreference.swift in Sources */ = {isa = PBXBuildFile; fileRef = 673687B32A57139A00D880DA /* UserPreference.swift */; };
		673687B62A5715C900D880DA /* LoginViewController.swift in Sources */ = {isa = PBXBuildFile; fileRef = 673687B52A5715C900D880DA /* LoginViewController.swift */; };
		673687B82A572F3900D880DA /* Color.swift in Sources */ = {isa = PBXBuildFile; fileRef = 673687B72A572F3900D880DA /* Color.swift */; };
		673687BA2A573C2200D880DA /* LoginViewModel.swift in Sources */ = {isa = PBXBuildFile; fileRef = 673687B92A573C2200D880DA /* LoginViewModel.swift */; };
		673687BC2A5740A800D880DA /* UIViewController.swift in Sources */ = {isa = PBXBuildFile; fileRef = 673687BB2A5740A800D880DA /* UIViewController.swift */; };
		673687BE2A57D9FE00D880DA /* UITextField.swift in Sources */ = {isa = PBXBuildFile; fileRef = 673687BD2A57D9FE00D880DA /* UITextField.swift */; };
		673687C12A58017500D880DA /* DashboardViewController.swift in Sources */ = {isa = PBXBuildFile; fileRef = 673687BF2A58017500D880DA /* DashboardViewController.swift */; };
		673687C22A58017500D880DA /* DashboardViewController.xib in Resources */ = {isa = PBXBuildFile; fileRef = 673687C02A58017500D880DA /* DashboardViewController.xib */; };
		673687C42A58806100D880DA /* DashboardViewModel.swift in Sources */ = {isa = PBXBuildFile; fileRef = 673687C32A58806100D880DA /* DashboardViewModel.swift */; };
/* End PBXBuildFile section */

/* Begin PBXFileReference section */
		671347DC2A5885B400D8B2FA /* ParentFolderModel.swift */ = {isa = PBXFileReference; lastKnownFileType = sourcecode.swift; path = ParentFolderModel.swift; sourceTree = "<group>"; };
		671347DE2A59691500D8B2FA /* LogoutModel.swift */ = {isa = PBXFileReference; lastKnownFileType = sourcecode.swift; path = LogoutModel.swift; sourceTree = "<group>"; };
		671347E12A596B1300D8B2FA /* FileFolderTableViewCell.swift */ = {isa = PBXFileReference; lastKnownFileType = sourcecode.swift; path = FileFolderTableViewCell.swift; sourceTree = "<group>"; };
		671347E22A596B1300D8B2FA /* FileFolderTableViewCell.xib */ = {isa = PBXFileReference; lastKnownFileType = file.xib; path = FileFolderTableViewCell.xib; sourceTree = "<group>"; };
		671347E52A59B18700D8B2FA /* FirstCellTableViewCell.swift */ = {isa = PBXFileReference; lastKnownFileType = sourcecode.swift; path = FirstCellTableViewCell.swift; sourceTree = "<group>"; };
		671347E62A59B18700D8B2FA /* FirstCellTableViewCell.xib */ = {isa = PBXFileReference; lastKnownFileType = file.xib; path = FirstCellTableViewCell.xib; sourceTree = "<group>"; };
		671347E92A59F9F100D8B2FA /* SIngleFileCollectionViewCell.swift */ = {isa = PBXFileReference; lastKnownFileType = sourcecode.swift; path = SIngleFileCollectionViewCell.swift; sourceTree = "<group>"; };
		671347EA2A59F9F100D8B2FA /* SIngleFileCollectionViewCell.xib */ = {isa = PBXFileReference; lastKnownFileType = file.xib; path = SIngleFileCollectionViewCell.xib; sourceTree = "<group>"; };
		673687882A56FCB900D880DA /* MangoApp.app */ = {isa = PBXFileReference; explicitFileType = wrapper.application; includeInIndex = 0; path = MangoApp.app; sourceTree = BUILT_PRODUCTS_DIR; };
		6736878B2A56FCB900D880DA /* AppDelegate.swift */ = {isa = PBXFileReference; lastKnownFileType = sourcecode.swift; path = AppDelegate.swift; sourceTree = "<group>"; };
		6736878D2A56FCB900D880DA /* SceneDelegate.swift */ = {isa = PBXFileReference; lastKnownFileType = sourcecode.swift; path = SceneDelegate.swift; sourceTree = "<group>"; };
		673687942A56FCBA00D880DA /* Assets.xcassets */ = {isa = PBXFileReference; lastKnownFileType = folder.assetcatalog; path = Assets.xcassets; sourceTree = "<group>"; };
		673687972A56FCBA00D880DA /* Base */ = {isa = PBXFileReference; lastKnownFileType = file.storyboard; name = Base; path = Base.lproj/LaunchScreen.storyboard; sourceTree = "<group>"; };
		673687992A56FCBA00D880DA /* Info.plist */ = {isa = PBXFileReference; lastKnownFileType = text.plist.xml; path = Info.plist; sourceTree = "<group>"; };
		673687A32A56FEAF00D880DA /* NetworkService.swift */ = {isa = PBXFileReference; lastKnownFileType = sourcecode.swift; path = NetworkService.swift; sourceTree = "<group>"; };
		673687A62A56FEED00D880DA /* APIPath.swift */ = {isa = PBXFileReference; lastKnownFileType = sourcecode.swift; path = APIPath.swift; sourceTree = "<group>"; };
		673687A82A56FEF800D880DA /* NetworkError.swift */ = {isa = PBXFileReference; lastKnownFileType = sourcecode.swift; path = NetworkError.swift; sourceTree = "<group>"; };
		673687AB2A57063400D880DA /* Dictionary.swift */ = {isa = PBXFileReference; lastKnownFileType = sourcecode.swift; path = Dictionary.swift; sourceTree = "<group>"; };
		673687AD2A57074000D880DA /* UserModel.swift */ = {isa = PBXFileReference; lastKnownFileType = sourcecode.swift; path = UserModel.swift; sourceTree = "<group>"; };
		673687B02A570C0100D880DA /* Constants.swift */ = {isa = PBXFileReference; lastKnownFileType = sourcecode.swift; path = Constants.swift; sourceTree = "<group>"; };
		673687B32A57139A00D880DA /* UserPreference.swift */ = {isa = PBXFileReference; lastKnownFileType = sourcecode.swift; path = UserPreference.swift; sourceTree = "<group>"; };
		673687B52A5715C900D880DA /* LoginViewController.swift */ = {isa = PBXFileReference; lastKnownFileType = sourcecode.swift; path = LoginViewController.swift; sourceTree = "<group>"; };
		673687B72A572F3900D880DA /* Color.swift */ = {isa = PBXFileReference; lastKnownFileType = sourcecode.swift; path = Color.swift; sourceTree = "<group>"; };
		673687B92A573C2200D880DA /* LoginViewModel.swift */ = {isa = PBXFileReference; lastKnownFileType = sourcecode.swift; path = LoginViewModel.swift; sourceTree = "<group>"; };
		673687BB2A5740A800D880DA /* UIViewController.swift */ = {isa = PBXFileReference; lastKnownFileType = sourcecode.swift; path = UIViewController.swift; sourceTree = "<group>"; };
		673687BD2A57D9FE00D880DA /* UITextField.swift */ = {isa = PBXFileReference; lastKnownFileType = sourcecode.swift; path = UITextField.swift; sourceTree = "<group>"; };
		673687BF2A58017500D880DA /* DashboardViewController.swift */ = {isa = PBXFileReference; lastKnownFileType = sourcecode.swift; path = DashboardViewController.swift; sourceTree = "<group>"; };
		673687C02A58017500D880DA /* DashboardViewController.xib */ = {isa = PBXFileReference; lastKnownFileType = file.xib; path = DashboardViewController.xib; sourceTree = "<group>"; };
		673687C32A58806100D880DA /* DashboardViewModel.swift */ = {isa = PBXFileReference; lastKnownFileType = sourcecode.swift; path = DashboardViewModel.swift; sourceTree = "<group>"; };
/* End PBXFileReference section */

/* Begin PBXFrameworksBuildPhase section */
		673687852A56FCB900D880DA /* Frameworks */ = {
			isa = PBXFrameworksBuildPhase;
			buildActionMask = 2147483647;
			files = (
			);
			runOnlyForDeploymentPostprocessing = 0;
		};
/* End PBXFrameworksBuildPhase section */

/* Begin PBXGroup section */
		671347E02A596AF800D8B2FA /* View */ = {
			isa = PBXGroup;
			children = (
				671347E12A596B1300D8B2FA /* FileFolderTableViewCell.swift */,
				671347E22A596B1300D8B2FA /* FileFolderTableViewCell.xib */,
				671347E52A59B18700D8B2FA /* FirstCellTableViewCell.swift */,
				671347E62A59B18700D8B2FA /* FirstCellTableViewCell.xib */,
				671347E92A59F9F100D8B2FA /* SIngleFileCollectionViewCell.swift */,
				671347EA2A59F9F100D8B2FA /* SIngleFileCollectionViewCell.xib */,
			);
			path = View;
			sourceTree = "<group>";
		};
		6736877F2A56FCB900D880DA = {
			isa = PBXGroup;
			children = (
				6736878A2A56FCB900D880DA /* MangoApp */,
				673687892A56FCB900D880DA /* Products */,
			);
			sourceTree = "<group>";
		};
		673687892A56FCB900D880DA /* Products */ = {
			isa = PBXGroup;
			children = (
				673687882A56FCB900D880DA /* MangoApp.app */,
			);
			name = Products;
			sourceTree = "<group>";
		};
		6736878A2A56FCB900D880DA /* MangoApp */ = {
			isa = PBXGroup;
			children = (
				671347E02A596AF800D8B2FA /* View */,
				673687B22A57138300D880DA /* Preference */,
				673687AF2A570BEE00D880DA /* Constants */,
				673687AA2A5705F800D880DA /* Extension */,
				673687A52A56FED200D880DA /* Enum */,
				673687A22A56FE9B00D880DA /* Service */,
				673687A12A56FE9500D880DA /* ViewModel */,
				673687A02A56FE9000D880DA /* Model */,
				6736879F2A56FE8700D880DA /* ViewController */,
				6736878B2A56FCB900D880DA /* AppDelegate.swift */,
				6736878D2A56FCB900D880DA /* SceneDelegate.swift */,
				673687942A56FCBA00D880DA /* Assets.xcassets */,
				673687962A56FCBA00D880DA /* LaunchScreen.storyboard */,
				673687992A56FCBA00D880DA /* Info.plist */,
			);
			path = MangoApp;
			sourceTree = "<group>";
		};
		6736879F2A56FE8700D880DA /* ViewController */ = {
			isa = PBXGroup;
			children = (
				673687B52A5715C900D880DA /* LoginViewController.swift */,
				673687BF2A58017500D880DA /* DashboardViewController.swift */,
				673687C02A58017500D880DA /* DashboardViewController.xib */,
			);
			path = ViewController;
			sourceTree = "<group>";
		};
		673687A02A56FE9000D880DA /* Model */ = {
			isa = PBXGroup;
			children = (
				673687AD2A57074000D880DA /* UserModel.swift */,
				671347DC2A5885B400D8B2FA /* ParentFolderModel.swift */,
				671347DE2A59691500D8B2FA /* LogoutModel.swift */,
			);
			path = Model;
			sourceTree = "<group>";
		};
		673687A12A56FE9500D880DA /* ViewModel */ = {
			isa = PBXGroup;
			children = (
				673687B92A573C2200D880DA /* LoginViewModel.swift */,
				673687C32A58806100D880DA /* DashboardViewModel.swift */,
			);
			path = ViewModel;
			sourceTree = "<group>";
		};
		673687A22A56FE9B00D880DA /* Service */ = {
			isa = PBXGroup;
			children = (
				673687A32A56FEAF00D880DA /* NetworkService.swift */,
			);
			path = Service;
			sourceTree = "<group>";
		};
		673687A52A56FED200D880DA /* Enum */ = {
			isa = PBXGroup;
			children = (
				673687A62A56FEED00D880DA /* APIPath.swift */,
				673687A82A56FEF800D880DA /* NetworkError.swift */,
			);
			path = Enum;
			sourceTree = "<group>";
		};
		673687AA2A5705F800D880DA /* Extension */ = {
			isa = PBXGroup;
			children = (
				673687AB2A57063400D880DA /* Dictionary.swift */,
				673687BB2A5740A800D880DA /* UIViewController.swift */,
				673687BD2A57D9FE00D880DA /* UITextField.swift */,
			);
			path = Extension;
			sourceTree = "<group>";
		};
		673687AF2A570BEE00D880DA /* Constants */ = {
			isa = PBXGroup;
			children = (
				673687B72A572F3900D880DA /* Color.swift */,
				673687B02A570C0100D880DA /* Constants.swift */,
			);
			path = Constants;
			sourceTree = "<group>";
		};
		673687B22A57138300D880DA /* Preference */ = {
			isa = PBXGroup;
			children = (
				673687B32A57139A00D880DA /* UserPreference.swift */,
			);
			path = Preference;
			sourceTree = "<group>";
		};
/* End PBXGroup section */

/* Begin PBXNativeTarget section */
		673687872A56FCB900D880DA /* MangoApp */ = {
			isa = PBXNativeTarget;
			buildConfigurationList = 6736879C2A56FCBA00D880DA /* Build configuration list for PBXNativeTarget "MangoApp" */;
			buildPhases = (
				673687842A56FCB900D880DA /* Sources */,
				673687852A56FCB900D880DA /* Frameworks */,
				673687862A56FCB900D880DA /* Resources */,
			);
			buildRules = (
			);
			dependencies = (
			);
			name = MangoApp;
			productName = MangoApp;
			productReference = 673687882A56FCB900D880DA /* MangoApp.app */;
			productType = "com.apple.product-type.application";
		};
/* End PBXNativeTarget section */

/* Begin PBXProject section */
		673687802A56FCB900D880DA /* Project object */ = {
			isa = PBXProject;
			attributes = {
				BuildIndependentTargetsInParallel = 1;
				LastSwiftUpdateCheck = 1420;
				LastUpgradeCheck = 1420;
				TargetAttributes = {
					673687872A56FCB900D880DA = {
						CreatedOnToolsVersion = 14.2;
					};
				};
			};
			buildConfigurationList = 673687832A56FCB900D880DA /* Build configuration list for PBXProject "MangoApp" */;
			compatibilityVersion = "Xcode 14.0";
			developmentRegion = en;
			hasScannedForEncodings = 0;
			knownRegions = (
				en,
				Base,
			);
			mainGroup = 6736877F2A56FCB900D880DA;
			productRefGroup = 673687892A56FCB900D880DA /* Products */;
			projectDirPath = "";
			projectRoot = "";
			targets = (
				673687872A56FCB900D880DA /* MangoApp */,
			);
		};
/* End PBXProject section */

/* Begin PBXResourcesBuildPhase section */
		673687862A56FCB900D880DA /* Resources */ = {
			isa = PBXResourcesBuildPhase;
			buildActionMask = 2147483647;
			files = (
				671347EC2A59F9F100D8B2FA /* SIngleFileCollectionViewCell.xib in Resources */,
				673687982A56FCBA00D880DA /* LaunchScreen.storyboard in Resources */,
				673687952A56FCBA00D880DA /* Assets.xcassets in Resources */,
				673687C22A58017500D880DA /* DashboardViewController.xib in Resources */,
				671347E82A59B18700D8B2FA /* FirstCellTableViewCell.xib in Resources */,
				671347E42A596B1300D8B2FA /* FileFolderTableViewCell.xib in Resources */,
			);
			runOnlyForDeploymentPostprocessing = 0;
		};
/* End PBXResourcesBuildPhase section */

/* Begin PBXSourcesBuildPhase section */
		673687842A56FCB900D880DA /* Sources */ = {
			isa = PBXSourcesBuildPhase;
			buildActionMask = 2147483647;
			files = (
				673687A72A56FEED00D880DA /* APIPath.swift in Sources */,
				671347EB2A59F9F100D8B2FA /* SIngleFileCollectionViewCell.swift in Sources */,
				673687AE2A57074000D880DA /* UserModel.swift in Sources */,
				671347E32A596B1300D8B2FA /* FileFolderTableViewCell.swift in Sources */,
				673687B82A572F3900D880DA /* Color.swift in Sources */,
				671347DD2A5885B400D8B2FA /* ParentFolderModel.swift in Sources */,
				673687B42A57139A00D880DA /* UserPreference.swift in Sources */,
				671347E72A59B18700D8B2FA /* FirstCellTableViewCell.swift in Sources */,
				6736878C2A56FCB900D880DA /* AppDelegate.swift in Sources */,
				673687A92A56FEF800D880DA /* NetworkError.swift in Sources */,
				673687AC2A57063400D880DA /* Dictionary.swift in Sources */,
				673687C42A58806100D880DA /* DashboardViewModel.swift in Sources */,
				671347DF2A59691500D8B2FA /* LogoutModel.swift in Sources */,
				673687C12A58017500D880DA /* DashboardViewController.swift in Sources */,
				673687BC2A5740A800D880DA /* UIViewController.swift in Sources */,
				673687A42A56FEAF00D880DA /* NetworkService.swift in Sources */,
				673687BE2A57D9FE00D880DA /* UITextField.swift in Sources */,
				673687BA2A573C2200D880DA /* LoginViewModel.swift in Sources */,
				6736878E2A56FCB900D880DA /* SceneDelegate.swift in Sources */,
				673687B12A570C0100D880DA /* Constants.swift in Sources */,
				673687B62A5715C900D880DA /* LoginViewController.swift in Sources */,
			);
			runOnlyForDeploymentPostprocessing = 0;
		};
/* End PBXSourcesBuildPhase section */

/* Begin PBXVariantGroup section */
		673687962A56FCBA00D880DA /* LaunchScreen.storyboard */ = {
			isa = PBXVariantGroup;
			children = (
				673687972A56FCBA00D880DA /* Base */,
			);
			name = LaunchScreen.storyboard;
			sourceTree = "<group>";
		};
/* End PBXVariantGroup section */

/* Begin XCBuildConfiguration section */
		6736879A2A56FCBA00D880DA /* Debug */ = {
			isa = XCBuildConfiguration;
			buildSettings = {
				ALWAYS_SEARCH_USER_PATHS = NO;
				CLANG_ANALYZER_NONNULL = YES;
				CLANG_ANALYZER_NUMBER_OBJECT_CONVERSION = YES_AGGRESSIVE;
				CLANG_CXX_LANGUAGE_STANDARD = "gnu++20";
				CLANG_ENABLE_MODULES = YES;
				CLANG_ENABLE_OBJC_ARC = YES;
				CLANG_ENABLE_OBJC_WEAK = YES;
				CLANG_WARN_BLOCK_CAPTURE_AUTORELEASING = YES;
				CLANG_WARN_BOOL_CONVERSION = YES;
				CLANG_WARN_COMMA = YES;
				CLANG_WARN_CONSTANT_CONVERSION = YES;
				CLANG_WARN_DEPRECATED_OBJC_IMPLEMENTATIONS = YES;
				CLANG_WARN_DIRECT_OBJC_ISA_USAGE = YES_ERROR;
				CLANG_WARN_DOCUMENTATION_COMMENTS = YES;
				CLANG_WARN_EMPTY_BODY = YES;
				CLANG_WARN_ENUM_CONVERSION = YES;
				CLANG_WARN_INFINITE_RECURSION = YES;
				CLANG_WARN_INT_CONVERSION = YES;
				CLANG_WARN_NON_LITERAL_NULL_CONVERSION = YES;
				CLANG_WARN_OBJC_IMPLICIT_RETAIN_SELF = YES;
				CLANG_WARN_OBJC_LITERAL_CONVERSION = YES;
				CLANG_WARN_OBJC_ROOT_CLASS = YES_ERROR;
				CLANG_WARN_QUOTED_INCLUDE_IN_FRAMEWORK_HEADER = YES;
				CLANG_WARN_RANGE_LOOP_ANALYSIS = YES;
				CLANG_WARN_STRICT_PROTOTYPES = YES;
				CLANG_WARN_SUSPICIOUS_MOVE = YES;
				CLANG_WARN_UNGUARDED_AVAILABILITY = YES_AGGRESSIVE;
				CLANG_WARN_UNREACHABLE_CODE = YES;
				CLANG_WARN__DUPLICATE_METHOD_MATCH = YES;
				COPY_PHASE_STRIP = NO;
				DEBUG_INFORMATION_FORMAT = dwarf;
				ENABLE_STRICT_OBJC_MSGSEND = YES;
				ENABLE_TESTABILITY = YES;
				GCC_C_LANGUAGE_STANDARD = gnu11;
				GCC_DYNAMIC_NO_PIC = NO;
				GCC_NO_COMMON_BLOCKS = YES;
				GCC_OPTIMIZATION_LEVEL = 0;
				GCC_PREPROCESSOR_DEFINITIONS = (
					"DEBUG=1",
					"$(inherited)",
				);
				GCC_WARN_64_TO_32_BIT_CONVERSION = YES;
				GCC_WARN_ABOUT_RETURN_TYPE = YES_ERROR;
				GCC_WARN_UNDECLARED_SELECTOR = YES;
				GCC_WARN_UNINITIALIZED_AUTOS = YES_AGGRESSIVE;
				GCC_WARN_UNUSED_FUNCTION = YES;
				GCC_WARN_UNUSED_VARIABLE = YES;
				IPHONEOS_DEPLOYMENT_TARGET = 16.2;
				MTL_ENABLE_DEBUG_INFO = INCLUDE_SOURCE;
				MTL_FAST_MATH = YES;
				ONLY_ACTIVE_ARCH = YES;
				SDKROOT = iphoneos;
				SWIFT_ACTIVE_COMPILATION_CONDITIONS = DEBUG;
				SWIFT_OPTIMIZATION_LEVEL = "-Onone";
			};
			name = Debug;
		};
		6736879B2A56FCBA00D880DA /* Release */ = {
			isa = XCBuildConfiguration;
			buildSettings = {
				ALWAYS_SEARCH_USER_PATHS = NO;
				CLANG_ANALYZER_NONNULL = YES;
				CLANG_ANALYZER_NUMBER_OBJECT_CONVERSION = YES_AGGRESSIVE;
				CLANG_CXX_LANGUAGE_STANDARD = "gnu++20";
				CLANG_ENABLE_MODULES = YES;
				CLANG_ENABLE_OBJC_ARC = YES;
				CLANG_ENABLE_OBJC_WEAK = YES;
				CLANG_WARN_BLOCK_CAPTURE_AUTORELEASING = YES;
				CLANG_WARN_BOOL_CONVERSION = YES;
				CLANG_WARN_COMMA = YES;
				CLANG_WARN_CONSTANT_CONVERSION = YES;
				CLANG_WARN_DEPRECATED_OBJC_IMPLEMENTATIONS = YES;
				CLANG_WARN_DIRECT_OBJC_ISA_USAGE = YES_ERROR;
				CLANG_WARN_DOCUMENTATION_COMMENTS = YES;
				CLANG_WARN_EMPTY_BODY = YES;
				CLANG_WARN_ENUM_CONVERSION = YES;
				CLANG_WARN_INFINITE_RECURSION = YES;
				CLANG_WARN_INT_CONVERSION = YES;
				CLANG_WARN_NON_LITERAL_NULL_CONVERSION = YES;
				CLANG_WARN_OBJC_IMPLICIT_RETAIN_SELF = YES;
				CLANG_WARN_OBJC_LITERAL_CONVERSION = YES;
				CLANG_WARN_OBJC_ROOT_CLASS = YES_ERROR;
				CLANG_WARN_QUOTED_INCLUDE_IN_FRAMEWORK_HEADER = YES;
				CLANG_WARN_RANGE_LOOP_ANALYSIS = YES;
				CLANG_WARN_STRICT_PROTOTYPES = YES;
				CLANG_WARN_SUSPICIOUS_MOVE = YES;
				CLANG_WARN_UNGUARDED_AVAILABILITY = YES_AGGRESSIVE;
				CLANG_WARN_UNREACHABLE_CODE = YES;
				CLANG_WARN__DUPLICATE_METHOD_MATCH = YES;
				COPY_PHASE_STRIP = NO;
				DEBUG_INFORMATION_FORMAT = "dwarf-with-dsym";
				ENABLE_NS_ASSERTIONS = NO;
				ENABLE_STRICT_OBJC_MSGSEND = YES;
				GCC_C_LANGUAGE_STANDARD = gnu11;
				GCC_NO_COMMON_BLOCKS = YES;
				GCC_WARN_64_TO_32_BIT_CONVERSION = YES;
				GCC_WARN_ABOUT_RETURN_TYPE = YES_ERROR;
				GCC_WARN_UNDECLARED_SELECTOR = YES;
				GCC_WARN_UNINITIALIZED_AUTOS = YES_AGGRESSIVE;
				GCC_WARN_UNUSED_FUNCTION = YES;
				GCC_WARN_UNUSED_VARIABLE = YES;
				IPHONEOS_DEPLOYMENT_TARGET = 16.2;
				MTL_ENABLE_DEBUG_INFO = NO;
				MTL_FAST_MATH = YES;
				SDKROOT = iphoneos;
				SWIFT_COMPILATION_MODE = wholemodule;
				SWIFT_OPTIMIZATION_LEVEL = "-O";
				VALIDATE_PRODUCT = YES;
			};
			name = Release;
		};
		6736879D2A56FCBA00D880DA /* Debug */ = {
			isa = XCBuildConfiguration;
			buildSettings = {
				ASSETCATALOG_COMPILER_APPICON_NAME = AppIcon;
				ASSETCATALOG_COMPILER_GLOBAL_ACCENT_COLOR_NAME = AccentColor;
				CODE_SIGN_STYLE = Automatic;
				CURRENT_PROJECT_VERSION = 1;
				GENERATE_INFOPLIST_FILE = YES;
				INFOPLIST_FILE = MangoApp/Info.plist;
				INFOPLIST_KEY_UIApplicationSupportsIndirectInputEvents = YES;
				INFOPLIST_KEY_UILaunchStoryboardName = LaunchScreen;
				INFOPLIST_KEY_UIMainStoryboardFile = "";
				INFOPLIST_KEY_UISupportedInterfaceOrientations_iPad = "UIInterfaceOrientationPortrait UIInterfaceOrientationPortraitUpsideDown UIInterfaceOrientationLandscapeLeft UIInterfaceOrientationLandscapeRight";
				INFOPLIST_KEY_UISupportedInterfaceOrientations_iPhone = "UIInterfaceOrientationPortrait UIInterfaceOrientationLandscapeLeft UIInterfaceOrientationLandscapeRight";
				LD_RUNPATH_SEARCH_PATHS = (
					"$(inherited)",
					"@executable_path/Frameworks",
				);
				MARKETING_VERSION = 1.0;
				PRODUCT_BUNDLE_IDENTIFIER = com.MangoApp;
				PRODUCT_NAME = "$(TARGET_NAME)";
				SWIFT_EMIT_LOC_STRINGS = YES;
				SWIFT_VERSION = 5.0;
				TARGETED_DEVICE_FAMILY = "1,2";
			};
			name = Debug;
		};
		6736879E2A56FCBA00D880DA /* Release */ = {
			isa = XCBuildConfiguration;
			buildSettings = {
				ASSETCATALOG_COMPILER_APPICON_NAME = AppIcon;
				ASSETCATALOG_COMPILER_GLOBAL_ACCENT_COLOR_NAME = AccentColor;
				CODE_SIGN_STYLE = Automatic;
				CURRENT_PROJECT_VERSION = 1;
				GENERATE_INFOPLIST_FILE = YES;
				INFOPLIST_FILE = MangoApp/Info.plist;
				INFOPLIST_KEY_UIApplicationSupportsIndirectInputEvents = YES;
				INFOPLIST_KEY_UILaunchStoryboardName = LaunchScreen;
				INFOPLIST_KEY_UIMainStoryboardFile = "";
				INFOPLIST_KEY_UISupportedInterfaceOrientations_iPad = "UIInterfaceOrientationPortrait UIInterfaceOrientationPortraitUpsideDown UIInterfaceOrientationLandscapeLeft UIInterfaceOrientationLandscapeRight";
				INFOPLIST_KEY_UISupportedInterfaceOrientations_iPhone = "UIInterfaceOrientationPortrait UIInterfaceOrientationLandscapeLeft UIInterfaceOrientationLandscapeRight";
				LD_RUNPATH_SEARCH_PATHS = (
					"$(inherited)",
					"@executable_path/Frameworks",
				);
				MARKETING_VERSION = 1.0;
				PRODUCT_BUNDLE_IDENTIFIER = com.MangoApp;
				PRODUCT_NAME = "$(TARGET_NAME)";
				SWIFT_EMIT_LOC_STRINGS = YES;
				SWIFT_VERSION = 5.0;
				TARGETED_DEVICE_FAMILY = "1,2";
			};
			name = Release;
		};
/* End XCBuildConfiguration section */

/* Begin XCConfigurationList section */
		673687832A56FCB900D880DA /* Build configuration list for PBXProject "MangoApp" */ = {
			isa = XCConfigurationList;
			buildConfigurations = (
				6736879A2A56FCBA00D880DA /* Debug */,
				6736879B2A56FCBA00D880DA /* Release */,
			);
			defaultConfigurationIsVisible = 0;
			defaultConfigurationName = Release;
		};
		6736879C2A56FCBA00D880DA /* Build configuration list for PBXNativeTarget "MangoApp" */ = {
			isa = XCConfigurationList;
			buildConfigurations = (
				6736879D2A56FCBA00D880DA /* Debug */,
				6736879E2A56FCBA00D880DA /* Release */,
			);
			defaultConfigurationIsVisible = 0;
			defaultConfigurationName = Release;
		};
/* End XCConfigurationList section */
	};
	rootObject = 673687802A56FCB900D880DA /* Project object */;
}
